// !$*UTF8*$!
{
	archiveVersion = 1;
	classes = {
	};
	objectVersion = 50;
	objects = {

/* Begin PBXBuildFile section */
		3BF26267262B57E8004A8CB9 /* OrganiaApp.swift in Sources */ = {isa = PBXBuildFile; fileRef = 3BF26266262B57E8004A8CB9 /* OrganiaApp.swift */; };
		3BF26269262B57E8004A8CB9 /* ContentView.swift in Sources */ = {isa = PBXBuildFile; fileRef = 3BF26268262B57E8004A8CB9 /* ContentView.swift */; };
		3BF2626B262B57ED004A8CB9 /* Assets.xcassets in Resources */ = {isa = PBXBuildFile; fileRef = 3BF2626A262B57ED004A8CB9 /* Assets.xcassets */; };
		3BF2626E262B57ED004A8CB9 /* Preview Assets.xcassets in Resources */ = {isa = PBXBuildFile; fileRef = 3BF2626D262B57ED004A8CB9 /* Preview Assets.xcassets */; };
		3BF26279262B57ED004A8CB9 /* OrganiaTests.swift in Sources */ = {isa = PBXBuildFile; fileRef = 3BF26278262B57ED004A8CB9 /* OrganiaTests.swift */; };
		3BF26284262B57ED004A8CB9 /* OrganiaUITests.swift in Sources */ = {isa = PBXBuildFile; fileRef = 3BF26283262B57ED004A8CB9 /* OrganiaUITests.swift */; };
		3BF26295262B6587004A8CB9 /* ToDoListView.swift in Sources */ = {isa = PBXBuildFile; fileRef = 3BF26294262B6587004A8CB9 /* ToDoListView.swift */; };
		3BF2629A262B663B004A8CB9 /* ShoppingView.swift in Sources */ = {isa = PBXBuildFile; fileRef = 3BF26299262B663B004A8CB9 /* ShoppingView.swift */; };
		3BF2629F262B66BE004A8CB9 /* RemindersView.swift in Sources */ = {isa = PBXBuildFile; fileRef = 3BF2629E262B66BE004A8CB9 /* RemindersView.swift */; };
		3BF262A4262B66F1004A8CB9 /* LoungeView.swift in Sources */ = {isa = PBXBuildFile; fileRef = 3BF262A3262B66F1004A8CB9 /* LoungeView.swift */; };
/* End PBXBuildFile section */

/* Begin PBXContainerItemProxy section */
		3BF26275262B57ED004A8CB9 /* PBXContainerItemProxy */ = {
			isa = PBXContainerItemProxy;
			containerPortal = 3BF2625B262B57E8004A8CB9 /* Project object */;
			proxyType = 1;
			remoteGlobalIDString = 3BF26262262B57E8004A8CB9;
			remoteInfo = Organia;
		};
		3BF26280262B57ED004A8CB9 /* PBXContainerItemProxy */ = {
			isa = PBXContainerItemProxy;
			containerPortal = 3BF2625B262B57E8004A8CB9 /* Project object */;
			proxyType = 1;
			remoteGlobalIDString = 3BF26262262B57E8004A8CB9;
			remoteInfo = Organia;
		};
/* End PBXContainerItemProxy section */

/* Begin PBXFileReference section */
		3BF26263262B57E8004A8CB9 /* Organia.app */ = {isa = PBXFileReference; explicitFileType = wrapper.application; includeInIndex = 0; path = Organia.app; sourceTree = BUILT_PRODUCTS_DIR; };
		3BF26266262B57E8004A8CB9 /* OrganiaApp.swift */ = {isa = PBXFileReference; lastKnownFileType = sourcecode.swift; path = OrganiaApp.swift; sourceTree = "<group>"; };
		3BF26268262B57E8004A8CB9 /* ContentView.swift */ = {isa = PBXFileReference; lastKnownFileType = sourcecode.swift; path = ContentView.swift; sourceTree = "<group>"; };
		3BF2626A262B57ED004A8CB9 /* Assets.xcassets */ = {isa = PBXFileReference; lastKnownFileType = folder.assetcatalog; path = Assets.xcassets; sourceTree = "<group>"; };
		3BF2626D262B57ED004A8CB9 /* Preview Assets.xcassets */ = {isa = PBXFileReference; lastKnownFileType = folder.assetcatalog; path = "Preview Assets.xcassets"; sourceTree = "<group>"; };
		3BF2626F262B57ED004A8CB9 /* Info.plist */ = {isa = PBXFileReference; lastKnownFileType = text.plist.xml; path = Info.plist; sourceTree = "<group>"; };
		3BF26274262B57ED004A8CB9 /* OrganiaTests.xctest */ = {isa = PBXFileReference; explicitFileType = wrapper.cfbundle; includeInIndex = 0; path = OrganiaTests.xctest; sourceTree = BUILT_PRODUCTS_DIR; };
		3BF26278262B57ED004A8CB9 /* OrganiaTests.swift */ = {isa = PBXFileReference; lastKnownFileType = sourcecode.swift; path = OrganiaTests.swift; sourceTree = "<group>"; };
		3BF2627A262B57ED004A8CB9 /* Info.plist */ = {isa = PBXFileReference; lastKnownFileType = text.plist.xml; path = Info.plist; sourceTree = "<group>"; };
		3BF2627F262B57ED004A8CB9 /* OrganiaUITests.xctest */ = {isa = PBXFileReference; explicitFileType = wrapper.cfbundle; includeInIndex = 0; path = OrganiaUITests.xctest; sourceTree = BUILT_PRODUCTS_DIR; };
		3BF26283262B57ED004A8CB9 /* OrganiaUITests.swift */ = {isa = PBXFileReference; lastKnownFileType = sourcecode.swift; path = OrganiaUITests.swift; sourceTree = "<group>"; };
		3BF26285262B57ED004A8CB9 /* Info.plist */ = {isa = PBXFileReference; lastKnownFileType = text.plist.xml; path = Info.plist; sourceTree = "<group>"; };
		3BF26294262B6587004A8CB9 /* ToDoListView.swift */ = {isa = PBXFileReference; lastKnownFileType = sourcecode.swift; path = ToDoListView.swift; sourceTree = "<group>"; };
		3BF26299262B663B004A8CB9 /* ShoppingView.swift */ = {isa = PBXFileReference; lastKnownFileType = sourcecode.swift; path = ShoppingView.swift; sourceTree = "<group>"; };
		3BF2629E262B66BE004A8CB9 /* RemindersView.swift */ = {isa = PBXFileReference; lastKnownFileType = sourcecode.swift; path = RemindersView.swift; sourceTree = "<group>"; };
		3BF262A3262B66F1004A8CB9 /* LoungeView.swift */ = {isa = PBXFileReference; lastKnownFileType = sourcecode.swift; path = LoungeView.swift; sourceTree = "<group>"; };
/* End PBXFileReference section */

/* Begin PBXFrameworksBuildPhase section */
		3BF26260262B57E8004A8CB9 /* Frameworks */ = {
			isa = PBXFrameworksBuildPhase;
			buildActionMask = 2147483647;
			files = (
			);
			runOnlyForDeploymentPostprocessing = 0;
		};
		3BF26271262B57ED004A8CB9 /* Frameworks */ = {
			isa = PBXFrameworksBuildPhase;
			buildActionMask = 2147483647;
			files = (
			);
			runOnlyForDeploymentPostprocessing = 0;
		};
		3BF2627C262B57ED004A8CB9 /* Frameworks */ = {
			isa = PBXFrameworksBuildPhase;
			buildActionMask = 2147483647;
			files = (
			);
			runOnlyForDeploymentPostprocessing = 0;
		};
/* End PBXFrameworksBuildPhase section */

/* Begin PBXGroup section */
		3BF2625A262B57E8004A8CB9 = {
			isa = PBXGroup;
			children = (
				3BF26265262B57E8004A8CB9 /* Organia */,
				3BF26277262B57ED004A8CB9 /* OrganiaTests */,
				3BF26282262B57ED004A8CB9 /* OrganiaUITests */,
				3BF26264262B57E8004A8CB9 /* Products */,
			);
			sourceTree = "<group>";
		};
		3BF26264262B57E8004A8CB9 /* Products */ = {
			isa = PBXGroup;
			children = (
				3BF26263262B57E8004A8CB9 /* Organia.app */,
				3BF26274262B57ED004A8CB9 /* OrganiaTests.xctest */,
				3BF2627F262B57ED004A8CB9 /* OrganiaUITests.xctest */,
			);
			name = Products;
			sourceTree = "<group>";
		};
		3BF26265262B57E8004A8CB9 /* Organia */ = {
			isa = PBXGroup;
			children = (
				3BF26266262B57E8004A8CB9 /* OrganiaApp.swift */,
				3BF26268262B57E8004A8CB9 /* ContentView.swift */,
				3BF26299262B663B004A8CB9 /* ShoppingView.swift */,
				3BF262A3262B66F1004A8CB9 /* LoungeView.swift */,
				3BF26294262B6587004A8CB9 /* ToDoListView.swift */,
				3BF2629E262B66BE004A8CB9 /* RemindersView.swift */,
				3BF2626A262B57ED004A8CB9 /* Assets.xcassets */,
				3BF2626F262B57ED004A8CB9 /* Info.plist */,
				3BF2626C262B57ED004A8CB9 /* Preview Content */,
			);
			path = Organia;
			sourceTree = "<group>";
		};
		3BF2626C262B57ED004A8CB9 /* Preview Content */ = {
			isa = PBXGroup;
			children = (
				3BF2626D262B57ED004A8CB9 /* Preview Assets.xcassets */,
			);
			path = "Preview Content";
			sourceTree = "<group>";
		};
		3BF26277262B57ED004A8CB9 /* OrganiaTests */ = {
			isa = PBXGroup;
			children = (
				3BF26278262B57ED004A8CB9 /* OrganiaTests.swift */,
				3BF2627A262B57ED004A8CB9 /* Info.plist */,
			);
			path = OrganiaTests;
			sourceTree = "<group>";
		};
		3BF26282262B57ED004A8CB9 /* OrganiaUITests */ = {
			isa = PBXGroup;
			children = (
				3BF26283262B57ED004A8CB9 /* OrganiaUITests.swift */,
				3BF26285262B57ED004A8CB9 /* Info.plist */,
			);
			path = OrganiaUITests;
			sourceTree = "<group>";
		};
/* End PBXGroup section */

/* Begin PBXNativeTarget section */
		3BF26262262B57E8004A8CB9 /* Organia */ = {
			isa = PBXNativeTarget;
			buildConfigurationList = 3BF26288262B57ED004A8CB9 /* Build configuration list for PBXNativeTarget "Organia" */;
			buildPhases = (
				3BF2625F262B57E8004A8CB9 /* Sources */,
				3BF26260262B57E8004A8CB9 /* Frameworks */,
				3BF26261262B57E8004A8CB9 /* Resources */,
			);
			buildRules = (
			);
			dependencies = (
			);
			name = Organia;
			productName = Organia;
			productReference = 3BF26263262B57E8004A8CB9 /* Organia.app */;
			productType = "com.apple.product-type.application";
		};
		3BF26273262B57ED004A8CB9 /* OrganiaTests */ = {
			isa = PBXNativeTarget;
			buildConfigurationList = 3BF2628B262B57ED004A8CB9 /* Build configuration list for PBXNativeTarget "OrganiaTests" */;
			buildPhases = (
				3BF26270262B57ED004A8CB9 /* Sources */,
				3BF26271262B57ED004A8CB9 /* Frameworks */,
				3BF26272262B57ED004A8CB9 /* Resources */,
			);
			buildRules = (
			);
			dependencies = (
				3BF26276262B57ED004A8CB9 /* PBXTargetDependency */,
			);
			name = OrganiaTests;
			productName = OrganiaTests;
			productReference = 3BF26274262B57ED004A8CB9 /* OrganiaTests.xctest */;
			productType = "com.apple.product-type.bundle.unit-test";
		};
		3BF2627E262B57ED004A8CB9 /* OrganiaUITests */ = {
			isa = PBXNativeTarget;
			buildConfigurationList = 3BF2628E262B57ED004A8CB9 /* Build configuration list for PBXNativeTarget "OrganiaUITests" */;
			buildPhases = (
				3BF2627B262B57ED004A8CB9 /* Sources */,
				3BF2627C262B57ED004A8CB9 /* Frameworks */,
				3BF2627D262B57ED004A8CB9 /* Resources */,
			);
			buildRules = (
			);
			dependencies = (
				3BF26281262B57ED004A8CB9 /* PBXTargetDependency */,
			);
			name = OrganiaUITests;
			productName = OrganiaUITests;
			productReference = 3BF2627F262B57ED004A8CB9 /* OrganiaUITests.xctest */;
			productType = "com.apple.product-type.bundle.ui-testing";
		};
/* End PBXNativeTarget section */

/* Begin PBXProject section */
		3BF2625B262B57E8004A8CB9 /* Project object */ = {
			isa = PBXProject;
			attributes = {
				LastSwiftUpdateCheck = 1240;
				LastUpgradeCheck = 1240;
				TargetAttributes = {
					3BF26262262B57E8004A8CB9 = {
						CreatedOnToolsVersion = 12.4;
					};
					3BF26273262B57ED004A8CB9 = {
						CreatedOnToolsVersion = 12.4;
						TestTargetID = 3BF26262262B57E8004A8CB9;
					};
					3BF2627E262B57ED004A8CB9 = {
						CreatedOnToolsVersion = 12.4;
						TestTargetID = 3BF26262262B57E8004A8CB9;
					};
				};
			};
			buildConfigurationList = 3BF2625E262B57E8004A8CB9 /* Build configuration list for PBXProject "Organia" */;
			compatibilityVersion = "Xcode 9.3";
			developmentRegion = en;
			hasScannedForEncodings = 0;
			knownRegions = (
				en,
				Base,
			);
			mainGroup = 3BF2625A262B57E8004A8CB9;
			productRefGroup = 3BF26264262B57E8004A8CB9 /* Products */;
			projectDirPath = "";
			projectRoot = "";
			targets = (
				3BF26262262B57E8004A8CB9 /* Organia */,
				3BF26273262B57ED004A8CB9 /* OrganiaTests */,
				3BF2627E262B57ED004A8CB9 /* OrganiaUITests */,
			);
		};
/* End PBXProject section */

/* Begin PBXResourcesBuildPhase section */
		3BF26261262B57E8004A8CB9 /* Resources */ = {
			isa = PBXResourcesBuildPhase;
			buildActionMask = 2147483647;
			files = (
				3BF2626E262B57ED004A8CB9 /* Preview Assets.xcassets in Resources */,
				3BF2626B262B57ED004A8CB9 /* Assets.xcassets in Resources */,
			);
			runOnlyForDeploymentPostprocessing = 0;
		};
		3BF26272262B57ED004A8CB9 /* Resources */ = {
			isa = PBXResourcesBuildPhase;
			buildActionMask = 2147483647;
			files = (
			);
			runOnlyForDeploymentPostprocessing = 0;
		};
		3BF2627D262B57ED004A8CB9 /* Resources */ = {
			isa = PBXResourcesBuildPhase;
			buildActionMask = 2147483647;
			files = (
			);
			runOnlyForDeploymentPostprocessing = 0;
		};
/* End PBXResourcesBuildPhase section */

/* Begin PBXSourcesBuildPhase section */
		3BF2625F262B57E8004A8CB9 /* Sources */ = {
			isa = PBXSourcesBuildPhase;
			buildActionMask = 2147483647;
			files = (
				3BF262A4262B66F1004A8CB9 /* LoungeView.swift in Sources */,
				3BF2629A262B663B004A8CB9 /* ShoppingView.swift in Sources */,
				3BF26295262B6587004A8CB9 /* ToDoListView.swift in Sources */,
				3BF2629F262B66BE004A8CB9 /* RemindersView.swift in Sources */,
				3BF26269262B57E8004A8CB9 /* ContentView.swift in Sources */,
				3BF26267262B57E8004A8CB9 /* OrganiaApp.swift in Sources */,
			);
			runOnlyForDeploymentPostprocessing = 0;
		};
		3BF26270262B57ED004A8CB9 /* Sources */ = {
			isa = PBXSourcesBuildPhase;
			buildActionMask = 2147483647;
			files = (
				3BF26279262B57ED004A8CB9 /* OrganiaTests.swift in Sources */,
			);
			runOnlyForDeploymentPostprocessing = 0;
		};
		3BF2627B262B57ED004A8CB9 /* Sources */ = {
			isa = PBXSourcesBuildPhase;
			buildActionMask = 2147483647;
			files = (
				3BF26284262B57ED004A8CB9 /* OrganiaUITests.swift in Sources */,
			);
			runOnlyForDeploymentPostprocessing = 0;
		};
/* End PBXSourcesBuildPhase section */

/* Begin PBXTargetDependency section */
		3BF26276262B57ED004A8CB9 /* PBXTargetDependency */ = {
			isa = PBXTargetDependency;
			target = 3BF26262262B57E8004A8CB9 /* Organia */;
			targetProxy = 3BF26275262B57ED004A8CB9 /* PBXContainerItemProxy */;
		};
		3BF26281262B57ED004A8CB9 /* PBXTargetDependency */ = {
			isa = PBXTargetDependency;
			target = 3BF26262262B57E8004A8CB9 /* Organia */;
			targetProxy = 3BF26280262B57ED004A8CB9 /* PBXContainerItemProxy */;
		};
/* End PBXTargetDependency section */

/* Begin XCBuildConfiguration section */
		3BF26286262B57ED004A8CB9 /* Debug */ = {
			isa = XCBuildConfiguration;
			buildSettings = {
				ALWAYS_SEARCH_USER_PATHS = NO;
				CLANG_ANALYZER_NONNULL = YES;
				CLANG_ANALYZER_NUMBER_OBJECT_CONVERSION = YES_AGGRESSIVE;
				CLANG_CXX_LANGUAGE_STANDARD = "gnu++14";
				CLANG_CXX_LIBRARY = "libc++";
				CLANG_ENABLE_MODULES = YES;
				CLANG_ENABLE_OBJC_ARC = YES;
				CLANG_ENABLE_OBJC_WEAK = YES;
				CLANG_WARN_BLOCK_CAPTURE_AUTORELEASING = YES;
				CLANG_WARN_BOOL_CONVERSION = YES;
				CLANG_WARN_COMMA = YES;
				CLANG_WARN_CONSTANT_CONVERSION = YES;
				CLANG_WARN_DEPRECATED_OBJC_IMPLEMENTATIONS = YES;
				CLANG_WARN_DIRECT_OBJC_ISA_USAGE = YES_ERROR;
				CLANG_WARN_DOCUMENTATION_COMMENTS = YES;
				CLANG_WARN_EMPTY_BODY = YES;
				CLANG_WARN_ENUM_CONVERSION = YES;
				CLANG_WARN_INFINITE_RECURSION = YES;
				CLANG_WARN_INT_CONVERSION = YES;
				CLANG_WARN_NON_LITERAL_NULL_CONVERSION = YES;
				CLANG_WARN_OBJC_IMPLICIT_RETAIN_SELF = YES;
				CLANG_WARN_OBJC_LITERAL_CONVERSION = YES;
				CLANG_WARN_OBJC_ROOT_CLASS = YES_ERROR;
				CLANG_WARN_QUOTED_INCLUDE_IN_FRAMEWORK_HEADER = YES;
				CLANG_WARN_RANGE_LOOP_ANALYSIS = YES;
				CLANG_WARN_STRICT_PROTOTYPES = YES;
				CLANG_WARN_SUSPICIOUS_MOVE = YES;
				CLANG_WARN_UNGUARDED_AVAILABILITY = YES_AGGRESSIVE;
				CLANG_WARN_UNREACHABLE_CODE = YES;
				CLANG_WARN__DUPLICATE_METHOD_MATCH = YES;
				COPY_PHASE_STRIP = NO;
				DEBUG_INFORMATION_FORMAT = dwarf;
				ENABLE_STRICT_OBJC_MSGSEND = YES;
				ENABLE_TESTABILITY = YES;
				GCC_C_LANGUAGE_STANDARD = gnu11;
				GCC_DYNAMIC_NO_PIC = NO;
				GCC_NO_COMMON_BLOCKS = YES;
				GCC_OPTIMIZATION_LEVEL = 0;
				GCC_PREPROCESSOR_DEFINITIONS = (
					"DEBUG=1",
					"$(inherited)",
				);
				GCC_WARN_64_TO_32_BIT_CONVERSION = YES;
				GCC_WARN_ABOUT_RETURN_TYPE = YES_ERROR;
				GCC_WARN_UNDECLARED_SELECTOR = YES;
				GCC_WARN_UNINITIALIZED_AUTOS = YES_AGGRESSIVE;
				GCC_WARN_UNUSED_FUNCTION = YES;
				GCC_WARN_UNUSED_VARIABLE = YES;
				IPHONEOS_DEPLOYMENT_TARGET = 14.4;
				MTL_ENABLE_DEBUG_INFO = INCLUDE_SOURCE;
				MTL_FAST_MATH = YES;
				ONLY_ACTIVE_ARCH = YES;
				SDKROOT = iphoneos;
				SWIFT_ACTIVE_COMPILATION_CONDITIONS = DEBUG;
				SWIFT_OPTIMIZATION_LEVEL = "-Onone";
			};
			name = Debug;
		};
		3BF26287262B57ED004A8CB9 /* Release */ = {
			isa = XCBuildConfiguration;
			buildSettings = {
				ALWAYS_SEARCH_USER_PATHS = NO;
				CLANG_ANALYZER_NONNULL = YES;
				CLANG_ANALYZER_NUMBER_OBJECT_CONVERSION = YES_AGGRESSIVE;
				CLANG_CXX_LANGUAGE_STANDARD = "gnu++14";
				CLANG_CXX_LIBRARY = "libc++";
				CLANG_ENABLE_MODULES = YES;
				CLANG_ENABLE_OBJC_ARC = YES;
				CLANG_ENABLE_OBJC_WEAK = YES;
				CLANG_WARN_BLOCK_CAPTURE_AUTORELEASING = YES;
				CLANG_WARN_BOOL_CONVERSION = YES;
				CLANG_WARN_COMMA = YES;
				CLANG_WARN_CONSTANT_CONVERSION = YES;
				CLANG_WARN_DEPRECATED_OBJC_IMPLEMENTATIONS = YES;
				CLANG_WARN_DIRECT_OBJC_ISA_USAGE = YES_ERROR;
				CLANG_WARN_DOCUMENTATION_COMMENTS = YES;
				CLANG_WARN_EMPTY_BODY = YES;
				CLANG_WARN_ENUM_CONVERSION = YES;
				CLANG_WARN_INFINITE_RECURSION = YES;
				CLANG_WARN_INT_CONVERSION = YES;
				CLANG_WARN_NON_LITERAL_NULL_CONVERSION = YES;
				CLANG_WARN_OBJC_IMPLICIT_RETAIN_SELF = YES;
				CLANG_WARN_OBJC_LITERAL_CONVERSION = YES;
				CLANG_WARN_OBJC_ROOT_CLASS = YES_ERROR;
				CLANG_WARN_QUOTED_INCLUDE_IN_FRAMEWORK_HEADER = YES;
				CLANG_WARN_RANGE_LOOP_ANALYSIS = YES;
				CLANG_WARN_STRICT_PROTOTYPES = YES;
				CLANG_WARN_SUSPICIOUS_MOVE = YES;
				CLANG_WARN_UNGUARDED_AVAILABILITY = YES_AGGRESSIVE;
				CLANG_WARN_UNREACHABLE_CODE = YES;
				CLANG_WARN__DUPLICATE_METHOD_MATCH = YES;
				COPY_PHASE_STRIP = NO;
				DEBUG_INFORMATION_FORMAT = "dwarf-with-dsym";
				ENABLE_NS_ASSERTIONS = NO;
				ENABLE_STRICT_OBJC_MSGSEND = YES;
				GCC_C_LANGUAGE_STANDARD = gnu11;
				GCC_NO_COMMON_BLOCKS = YES;
				GCC_WARN_64_TO_32_BIT_CONVERSION = YES;
				GCC_WARN_ABOUT_RETURN_TYPE = YES_ERROR;
				GCC_WARN_UNDECLARED_SELECTOR = YES;
				GCC_WARN_UNINITIALIZED_AUTOS = YES_AGGRESSIVE;
				GCC_WARN_UNUSED_FUNCTION = YES;
				GCC_WARN_UNUSED_VARIABLE = YES;
				IPHONEOS_DEPLOYMENT_TARGET = 14.4;
				MTL_ENABLE_DEBUG_INFO = NO;
				MTL_FAST_MATH = YES;
				SDKROOT = iphoneos;
				SWIFT_COMPILATION_MODE = wholemodule;
				SWIFT_OPTIMIZATION_LEVEL = "-O";
				VALIDATE_PRODUCT = YES;
			};
			name = Release;
		};
		3BF26289262B57ED004A8CB9 /* Debug */ = {
			isa = XCBuildConfiguration;
			buildSettings = {
				ASSETCATALOG_COMPILER_APPICON_NAME = AppIcon;
				ASSETCATALOG_COMPILER_GLOBAL_ACCENT_COLOR_NAME = AccentColor;
				CODE_SIGN_STYLE = Automatic;
				DEVELOPMENT_ASSET_PATHS = "\"Organia/Preview Content\"";
				DEVELOPMENT_TEAM = 6F7Q3786MP;
				ENABLE_PREVIEWS = YES;
				INFOPLIST_FILE = Organia/Info.plist;
				IPHONEOS_DEPLOYMENT_TARGET = 14.0;
				LD_RUNPATH_SEARCH_PATHS = (
					"$(inherited)",
					"@executable_path/Frameworks",
				);
				PRODUCT_BUNDLE_IDENTIFIER = Organia.Organia;
				PRODUCT_NAME = "$(TARGET_NAME)";
				SWIFT_VERSION = 5.0;
				TARGETED_DEVICE_FAMILY = "1,2";
			};
			name = Debug;
		};
		3BF2628A262B57ED004A8CB9 /* Release */ = {
			isa = XCBuildConfiguration;
			buildSettings = {
				ASSETCATALOG_COMPILER_APPICON_NAME = AppIcon;
				ASSETCATALOG_COMPILER_GLOBAL_ACCENT_COLOR_NAME = AccentColor;
				CODE_SIGN_STYLE = Automatic;
				DEVELOPMENT_ASSET_PATHS = "\"Organia/Preview Content\"";
				DEVELOPMENT_TEAM = 6F7Q3786MP;
				ENABLE_PREVIEWS = YES;
				INFOPLIST_FILE = Organia/Info.plist;
				IPHONEOS_DEPLOYMENT_TARGET = 14.0;
				LD_RUNPATH_SEARCH_PATHS = (
					"$(inherited)",
					"@executable_path/Frameworks",
				);
				PRODUCT_BUNDLE_IDENTIFIER = Organia.Organia;
				PRODUCT_NAME = "$(TARGET_NAME)";
				SWIFT_VERSION = 5.0;
				TARGETED_DEVICE_FAMILY = "1,2";
			};
			name = Release;
		};
		3BF2628C262B57ED004A8CB9 /* Debug */ = {
			isa = XCBuildConfiguration;
			buildSettings = {
				ALWAYS_EMBED_SWIFT_STANDARD_LIBRARIES = YES;
				BUNDLE_LOADER = "$(TEST_HOST)";
				CODE_SIGN_STYLE = Automatic;
				INFOPLIST_FILE = OrganiaTests/Info.plist;
				IPHONEOS_DEPLOYMENT_TARGET = 14.0;
				LD_RUNPATH_SEARCH_PATHS = (
					"$(inherited)",
					"@executable_path/Frameworks",
					"@loader_path/Frameworks",
				);
				PRODUCT_BUNDLE_IDENTIFIER = Organia.OrganiaTests;
				PRODUCT_NAME = "$(TARGET_NAME)";
				SWIFT_VERSION = 5.0;
				TARGETED_DEVICE_FAMILY = "1,2";
				TEST_HOST = "$(BUILT_PRODUCTS_DIR)/Organia.app/Organia";
			};
			name = Debug;
		};
		3BF2628D262B57ED004A8CB9 /* Release */ = {
			isa = XCBuildConfiguration;
			buildSettings = {
				ALWAYS_EMBED_SWIFT_STANDARD_LIBRARIES = YES;
				BUNDLE_LOADER = "$(TEST_HOST)";
				CODE_SIGN_STYLE = Automatic;
				INFOPLIST_FILE = OrganiaTests/Info.plist;
				IPHONEOS_DEPLOYMENT_TARGET = 14.0;
				LD_RUNPATH_SEARCH_PATHS = (
					"$(inherited)",
					"@executable_path/Frameworks",
					"@loader_path/Frameworks",
				);
				PRODUCT_BUNDLE_IDENTIFIER = Organia.OrganiaTests;
				PRODUCT_NAME = "$(TARGET_NAME)";
				SWIFT_VERSION = 5.0;
				TARGETED_DEVICE_FAMILY = "1,2";
				TEST_HOST = "$(BUILT_PRODUCTS_DIR)/Organia.app/Organia";
			};
			name = Release;
		};
		3BF2628F262B57ED004A8CB9 /* Debug */ = {
			isa = XCBuildConfiguration;
			buildSettings = {
				ALWAYS_EMBED_SWIFT_STANDARD_LIBRARIES = YES;
				CODE_SIGN_STYLE = Automatic;
				INFOPLIST_FILE = OrganiaUITests/Info.plist;
				LD_RUNPATH_SEARCH_PATHS = (
					"$(inherited)",
					"@executable_path/Frameworks",
					"@loader_path/Frameworks",
				);
				PRODUCT_BUNDLE_IDENTIFIER = Organia.OrganiaUITests;
				PRODUCT_NAME = "$(TARGET_NAME)";
				SWIFT_VERSION = 5.0;
				TARGETED_DEVICE_FAMILY = "1,2";
				TEST_TARGET_NAME = Organia;
			};
			name = Debug;
		};
		3BF26290262B57ED004A8CB9 /* Release */ = {
			isa = XCBuildConfiguration;
			buildSettings = {
				ALWAYS_EMBED_SWIFT_STANDARD_LIBRARIES = YES;
				CODE_SIGN_STYLE = Automatic;
				INFOPLIST_FILE = OrganiaUITests/Info.plist;
				LD_RUNPATH_SEARCH_PATHS = (
					"$(inherited)",
					"@executable_path/Frameworks",
					"@loader_path/Frameworks",
				);
				PRODUCT_BUNDLE_IDENTIFIER = Organia.OrganiaUITests;
				PRODUCT_NAME = "$(TARGET_NAME)";
				SWIFT_VERSION = 5.0;
				TARGETED_DEVICE_FAMILY = "1,2";
				TEST_TARGET_NAME = Organia;
			};
			name = Release;
		};
/* End XCBuildConfiguration section */

/* Begin XCConfigurationList section */
		3BF2625E262B57E8004A8CB9 /* Build configuration list for PBXProject "Organia" */ = {
			isa = XCConfigurationList;
			buildConfigurations = (
				3BF26286262B57ED004A8CB9 /* Debug */,
				3BF26287262B57ED004A8CB9 /* Release */,
			);
			defaultConfigurationIsVisible = 0;
			defaultConfigurationName = Release;
		};
		3BF26288262B57ED004A8CB9 /* Build configuration list for PBXNativeTarget "Organia" */ = {
			isa = XCConfigurationList;
			buildConfigurations = (
				3BF26289262B57ED004A8CB9 /* Debug */,
				3BF2628A262B57ED004A8CB9 /* Release */,
			);
			defaultConfigurationIsVisible = 0;
			defaultConfigurationName = Release;
		};
		3BF2628B262B57ED004A8CB9 /* Build configuration list for PBXNativeTarget "OrganiaTests" */ = {
			isa = XCConfigurationList;
			buildConfigurations = (
				3BF2628C262B57ED004A8CB9 /* Debug */,
				3BF2628D262B57ED004A8CB9 /* Release */,
			);
			defaultConfigurationIsVisible = 0;
			defaultConfigurationName = Release;
		};
		3BF2628E262B57ED004A8CB9 /* Build configuration list for PBXNativeTarget "OrganiaUITests" */ = {
			isa = XCConfigurationList;
			buildConfigurations = (
				3BF2628F262B57ED004A8CB9 /* Debug */,
				3BF26290262B57ED004A8CB9 /* Release */,
			);
			defaultConfigurationIsVisible = 0;
			defaultConfigurationName = Release;
		};
/* End XCConfigurationList section */
	};
	rootObject = 3BF2625B262B57E8004A8CB9 /* Project object */;
}
